
Microsoft Visual Studio Solution File, Format Version 12.00
# Visual Studio Version 16
VisualStudioVersion = 16.0.30413.136
MinimumVisualStudioVersion = 10.0.40219.1
Project("{FAE04EC0-301F-11D3-BF4B-00C04F79EFBC}") = "Lab1", "Lab1\Lab1.csproj", "{7F7F7882-CCB5-462A-AA73-E3EB79667D76}"
EndProject
Global
	GlobalSection(SolutionConfigurationPlatforms) = preSolution
		Debug|Any CPU = Debug|Any CPU
		Release|Any CPU = Release|Any CPU
	EndGlobalSection
	GlobalSection(ProjectConfigurationPlatforms) = postSolution
		{7F7F7882-CCB5-462A-AA73-E3EB79667D76}.Debug|Any CPU.ActiveCfg = Debug|Any CPU
		{7F7F7882-CCB5-462A-AA73-E3EB79667D76}.Debug|Any CPU.Build.0 = Debug|Any CPU
		{7F7F7882-CCB5-462A-AA73-E3EB79667D76}.Release|Any CPU.ActiveCfg = Release|Any CPU
		{7F7F7882-CCB5-462A-AA73-E3EB79667D76}.Release|Any CPU.Build.0 = Release|Any CPU
	EndGlobalSection
	GlobalSection(SolutionProperties) = preSolution
		HideSolutionNode = FALSE
	EndGlobalSection
	GlobalSection(ExtensibilityGlobals) = postSolution
		SolutionGuid = {034F1F9D-8A26-4193-91F0-B0D1E693D741}
	EndGlobalSection
EndGlobal
